
Microsoft Visual Studio Solution File, Format Version 12.00
# Visual Studio 14
VisualStudioVersion = 14.0.25420.1
MinimumVisualStudioVersion = 10.0.40219.1
Project("{FAE04EC0-301F-11D3-BF4B-00C04F79EFBC}") = "Daishi.Pluralsight.EventHub", "Daishi.Pluralsight.EventHub\Daishi.Pluralsight.EventHub.csproj", "{6EC7304A-7CFC-4FED-AFDF-CCD6743BFB70}"
EndProject
Project("{FAE04EC0-301F-11D3-BF4B-00C04F79EFBC}") = "Daishi.Pluralsight.EventHub.ConsoleApp", "Daishi.Pluralsight.EventHub.ConsoleApp\Daishi.Pluralsight.EventHub.ConsoleApp.csproj", "{846C8F34-FF41-44A7-A255-96BB781D113E}"
EndProject
Project("{FAE04EC0-301F-11D3-BF4B-00C04F79EFBC}") = "Daishi.Pluralsight.EventHub.Tests", "Daishi.Pluralsight.EventHub.Tests\Daishi.Pluralsight.EventHub.Tests.csproj", "{D58B60E9-6D44-4AB5-88C9-CF9FAE934646}"
EndProject
Project("{FAE04EC0-301F-11D3-BF4B-00C04F79EFBC}") = "Daishi.Pluralsight.EventHub.WebTrafficGenerator", "Daishi.Pluralsight.EventHub.WebTrafficGenerator\Daishi.Pluralsight.EventHub.WebTrafficGenerator.csproj", "{CF3BB9E5-912F-4FBC-9AF6-5210F86ECC3F}"
EndProject
Project("{FAE04EC0-301F-11D3-BF4B-00C04F79EFBC}") = "Daishi.Pluralsight.EventHub.WebTrafficProcessor", "Daishi.Pluralsight.EventHub.WebTrafficProcessor\Daishi.Pluralsight.EventHub.WebTrafficProcessor.csproj", "{A2F593B9-72E1-4554-9111-3E01201A1B49}"
EndProject
Global
	GlobalSection(SolutionConfigurationPlatforms) = preSolution
		Debug|Any CPU = Debug|Any CPU
		Release|Any CPU = Release|Any CPU
	EndGlobalSection
	GlobalSection(ProjectConfigurationPlatforms) = postSolution
		{6EC7304A-7CFC-4FED-AFDF-CCD6743BFB70}.Debug|Any CPU.ActiveCfg = Debug|Any CPU
		{6EC7304A-7CFC-4FED-AFDF-CCD6743BFB70}.Debug|Any CPU.Build.0 = Debug|Any CPU
		{6EC7304A-7CFC-4FED-AFDF-CCD6743BFB70}.Release|Any CPU.ActiveCfg = Release|Any CPU
		{6EC7304A-7CFC-4FED-AFDF-CCD6743BFB70}.Release|Any CPU.Build.0 = Release|Any CPU
		{846C8F34-FF41-44A7-A255-96BB781D113E}.Debug|Any CPU.ActiveCfg = Debug|Any CPU
		{846C8F34-FF41-44A7-A255-96BB781D113E}.Debug|Any CPU.Build.0 = Debug|Any CPU
		{846C8F34-FF41-44A7-A255-96BB781D113E}.Release|Any CPU.ActiveCfg = Release|Any CPU
		{846C8F34-FF41-44A7-A255-96BB781D113E}.Release|Any CPU.Build.0 = Release|Any CPU
		{D58B60E9-6D44-4AB5-88C9-CF9FAE934646}.Debug|Any CPU.ActiveCfg = Debug|Any CPU
		{D58B60E9-6D44-4AB5-88C9-CF9FAE934646}.Debug|Any CPU.Build.0 = Debug|Any CPU
		{D58B60E9-6D44-4AB5-88C9-CF9FAE934646}.Release|Any CPU.ActiveCfg = Release|Any CPU
		{D58B60E9-6D44-4AB5-88C9-CF9FAE934646}.Release|Any CPU.Build.0 = Release|Any CPU
		{CF3BB9E5-912F-4FBC-9AF6-5210F86ECC3F}.Debug|Any CPU.ActiveCfg = Debug|Any CPU
		{CF3BB9E5-912F-4FBC-9AF6-5210F86ECC3F}.Debug|Any CPU.Build.0 = Debug|Any CPU
		{CF3BB9E5-912F-4FBC-9AF6-5210F86ECC3F}.Release|Any CPU.ActiveCfg = Release|Any CPU
		{CF3BB9E5-912F-4FBC-9AF6-5210F86ECC3F}.Release|Any CPU.Build.0 = Release|Any CPU
		{A2F593B9-72E1-4554-9111-3E01201A1B49}.Debug|Any CPU.ActiveCfg = Debug|Any CPU
		{A2F593B9-72E1-4554-9111-3E01201A1B49}.Debug|Any CPU.Build.0 = Debug|Any CPU
		{A2F593B9-72E1-4554-9111-3E01201A1B49}.Release|Any CPU.ActiveCfg = Release|Any CPU
		{A2F593B9-72E1-4554-9111-3E01201A1B49}.Release|Any CPU.Build.0 = Release|Any CPU
	EndGlobalSection
	GlobalSection(SolutionProperties) = preSolution
		HideSolutionNode = FALSE
	EndGlobalSection
EndGlobal
